
Microsoft Visual Studio Solution File, Format Version 12.00
# Visual Studio Version 17
VisualStudioVersion = 17.3.32922.545
MinimumVisualStudioVersion = 10.0.40219.1
Project("{FAE04EC0-301F-11D3-BF4B-00C04F79EFBC}") = "TheMovies", "TheMovies\TheMovies.csproj", "{BF247B85-FA79-4ADD-BC55-40BBE4EF97DF}"
EndProject
Project("{2150E333-8FDC-42A3-9474-1A3956D46DE8}") = "Solution Items", "Solution Items", "{9E28EB70-263B-41C4-84A6-A968AA62F1D9}"
	ProjectSection(SolutionItems) = preProject
		.editorconfig = .editorconfig
	EndProjectSection
EndProject
Global
	GlobalSection(SolutionConfigurationPlatforms) = preSolution
		Debug|Any CPU = Debug|Any CPU
		Release|Any CPU = Release|Any CPU
	EndGlobalSection
	GlobalSection(ProjectConfigurationPlatforms) = postSolution
		{BF247B85-FA79-4ADD-BC55-40BBE4EF97DF}.Debug|Any CPU.ActiveCfg = Debug|Any CPU
		{BF247B85-FA79-4ADD-BC55-40BBE4EF97DF}.Debug|Any CPU.Build.0 = Debug|Any CPU
		{BF247B85-FA79-4ADD-BC55-40BBE4EF97DF}.Release|Any CPU.ActiveCfg = Release|Any CPU
		{BF247B85-FA79-4ADD-BC55-40BBE4EF97DF}.Release|Any CPU.Build.0 = Release|Any CPU
	EndGlobalSection
	GlobalSection(SolutionProperties) = preSolution
		HideSolutionNode = FALSE
	EndGlobalSection
	GlobalSection(ExtensibilityGlobals) = postSolution
		SolutionGuid = {8024E58F-886E-427F-8B5A-D2A9D880A54F}
	EndGlobalSection
EndGlobal
